
Microsoft Visual Studio Solution File, Format Version 12.00
# Visual Studio Version 17
VisualStudioVersion = 17.11.35327.3
MinimumVisualStudioVersion = 10.0.40219.1
Project("{FAE04EC0-301F-11D3-BF4B-00C04F79EFBC}") = "VisualProject_Group12_WPF", "VisualProject_Group12_WPF\VisualProject_Group12_WPF.csproj", "{78995134-5179-4CFF-9195-BA41C77BBA74}"
EndProject
Global
	GlobalSection(SolutionConfigurationPlatforms) = preSolution
		Debug|Any CPU = Debug|Any CPU
		Release|Any CPU = Release|Any CPU
	EndGlobalSection
	GlobalSection(ProjectConfigurationPlatforms) = postSolution
		{78995134-5179-4CFF-9195-BA41C77BBA74}.Debug|Any CPU.ActiveCfg = Debug|Any CPU
		{78995134-5179-4CFF-9195-BA41C77BBA74}.Debug|Any CPU.Build.0 = Debug|Any CPU
		{78995134-5179-4CFF-9195-BA41C77BBA74}.Release|Any CPU.ActiveCfg = Release|Any CPU
		{78995134-5179-4CFF-9195-BA41C77BBA74}.Release|Any CPU.Build.0 = Release|Any CPU
	EndGlobalSection
	GlobalSection(SolutionProperties) = preSolution
		HideSolutionNode = FALSE
	EndGlobalSection
	GlobalSection(ExtensibilityGlobals) = postSolution
		SolutionGuid = {6F36EE57-E825-4427-AF1A-6E99F7CF47DB}
	EndGlobalSection
EndGlobal
